// !$*UTF8*$!
{
	archiveVersion = 1;
	classes = {
	};
	objectVersion = 46;
	objects = {

/* Begin PBXBuildFile section */
		4B4F585E1A559A5B0034221F /* AppDelegate.swift in Sources */ = {isa = PBXBuildFile; fileRef = 4B4F585D1A559A5B0034221F /* AppDelegate.swift */; };
		4B4F58601A559A5B0034221F /* ViewController.swift in Sources */ = {isa = PBXBuildFile; fileRef = 4B4F585F1A559A5B0034221F /* ViewController.swift */; };
		4B4F58631A559A5B0034221F /* Main.storyboard in Resources */ = {isa = PBXBuildFile; fileRef = 4B4F58611A559A5B0034221F /* Main.storyboard */; };
		4B4F58651A559A5B0034221F /* Images.xcassets in Resources */ = {isa = PBXBuildFile; fileRef = 4B4F58641A559A5B0034221F /* Images.xcassets */; };
		4B4F58681A559A5B0034221F /* LaunchScreen.xib in Resources */ = {isa = PBXBuildFile; fileRef = 4B4F58661A559A5B0034221F /* LaunchScreen.xib */; };
		4B4F58741A559A5B0034221F /* tipsTests.swift in Sources */ = {isa = PBXBuildFile; fileRef = 4B4F58731A559A5B0034221F /* tipsTests.swift */; };
/* End PBXBuildFile section */

/* Begin PBXContainerItemProxy section */
		4B4F586E1A559A5B0034221F /* PBXContainerItemProxy */ = {
			isa = PBXContainerItemProxy;
			containerPortal = 4B4F58501A559A5B0034221F /* Project object */;
			proxyType = 1;
			remoteGlobalIDString = 4B4F58571A559A5B0034221F;
			remoteInfo = tips;
		};
/* End PBXContainerItemProxy section */

/* Begin PBXFileReference section */
		4B4F58581A559A5B0034221F /* tips.app */ = {isa = PBXFileReference; explicitFileType = wrapper.application; includeInIndex = 0; path = tips.app; sourceTree = BUILT_PRODUCTS_DIR; };
		4B4F585C1A559A5B0034221F /* Info.plist */ = {isa = PBXFileReference; lastKnownFileType = text.plist.xml; path = Info.plist; sourceTree = "<group>"; };
		4B4F585D1A559A5B0034221F /* AppDelegate.swift */ = {isa = PBXFileReference; lastKnownFileType = sourcecode.swift; path = AppDelegate.swift; sourceTree = "<group>"; };
		4B4F585F1A559A5B0034221F /* ViewController.swift */ = {isa = PBXFileReference; lastKnownFileType = sourcecode.swift; path = ViewController.swift; sourceTree = "<group>"; };
		4B4F58621A559A5B0034221F /* Base */ = {isa = PBXFileReference; lastKnownFileType = file.storyboard; name = Base; path = Base.lproj/Main.storyboard; sourceTree = "<group>"; };
		4B4F58641A559A5B0034221F /* Images.xcassets */ = {isa = PBXFileReference; lastKnownFileType = folder.assetcatalog; path = Images.xcassets; sourceTree = "<group>"; };
		4B4F58671A559A5B0034221F /* Base */ = {isa = PBXFileReference; lastKnownFileType = file.xib; name = Base; path = Base.lproj/LaunchScreen.xib; sourceTree = "<group>"; };
		4B4F586D1A559A5B0034221F /* tipsTests.xctest */ = {isa = PBXFileReference; explicitFileType = wrapper.cfbundle; includeInIndex = 0; path = tipsTests.xctest; sourceTree = BUILT_PRODUCTS_DIR; };
		4B4F58721A559A5B0034221F /* Info.plist */ = {isa = PBXFileReference; lastKnownFileType = text.plist.xml; path = Info.plist; sourceTree = "<group>"; };
		4B4F58731A559A5B0034221F /* tipsTests.swift */ = {isa = PBXFileReference; lastKnownFileType = sourcecode.swift; path = tipsTests.swift; sourceTree = "<group>"; };
/* End PBXFileReference section */

/* Begin PBXFrameworksBuildPhase section */
		4B4F58551A559A5B0034221F /* Frameworks */ = {
			isa = PBXFrameworksBuildPhase;
			buildActionMask = 2147483647;
			files = (
			);
			runOnlyForDeploymentPostprocessing = 0;
		};
		4B4F586A1A559A5B0034221F /* Frameworks */ = {
			isa = PBXFrameworksBuildPhase;
			buildActionMask = 2147483647;
			files = (
			);
			runOnlyForDeploymentPostprocessing = 0;
		};
/* End PBXFrameworksBuildPhase section */

/* Begin PBXGroup section */
		4B4F584F1A559A5B0034221F = {
			isa = PBXGroup;
			children = (
				4B4F585A1A559A5B0034221F /* tips */,
				4B4F58701A559A5B0034221F /* tipsTests */,
				4B4F58591A559A5B0034221F /* Products */,
			);
			sourceTree = "<group>";
		};
		4B4F58591A559A5B0034221F /* Products */ = {
			isa = PBXGroup;
			children = (
				4B4F58581A559A5B0034221F /* tips.app */,
				4B4F586D1A559A5B0034221F /* tipsTests.xctest */,
			);
			name = Products;
			sourceTree = "<group>";
		};
		4B4F585A1A559A5B0034221F /* tips */ = {
			isa = PBXGroup;
			children = (
				4B4F585D1A559A5B0034221F /* AppDelegate.swift */,
				4B4F585F1A559A5B0034221F /* ViewController.swift */,
				4B4F58611A559A5B0034221F /* Main.storyboard */,
				4B4F58641A559A5B0034221F /* Images.xcassets */,
				4B4F58661A559A5B0034221F /* LaunchScreen.xib */,
				4B4F585B1A559A5B0034221F /* Supporting Files */,
			);
			path = tips;
			sourceTree = "<group>";
		};
		4B4F585B1A559A5B0034221F /* Supporting Files */ = {
			isa = PBXGroup;
			children = (
				4B4F585C1A559A5B0034221F /* Info.plist */,
			);
			name = "Supporting Files";
			sourceTree = "<group>";
		};
		4B4F58701A559A5B0034221F /* tipsTests */ = {
			isa = PBXGroup;
			children = (
				4B4F58731A559A5B0034221F /* tipsTests.swift */,
				4B4F58711A559A5B0034221F /* Supporting Files */,
			);
			path = tipsTests;
			sourceTree = "<group>";
		};
		4B4F58711A559A5B0034221F /* Supporting Files */ = {
			isa = PBXGroup;
			children = (
				4B4F58721A559A5B0034221F /* Info.plist */,
			);
			name = "Supporting Files";
			sourceTree = "<group>";
		};
/* End PBXGroup section */

/* Begin PBXNativeTarget section */
		4B4F58571A559A5B0034221F /* tips */ = {
			isa = PBXNativeTarget;
			buildConfigurationList = 4B4F58771A559A5B0034221F /* Build configuration list for PBXNativeTarget "tips" */;
			buildPhases = (
				4B4F58541A559A5B0034221F /* Sources */,
				4B4F58551A559A5B0034221F /* Frameworks */,
				4B4F58561A559A5B0034221F /* Resources */,
			);
			buildRules = (
			);
			dependencies = (
			);
			name = tips;
			productName = tips;
			productReference = 4B4F58581A559A5B0034221F /* tips.app */;
			productType = "com.apple.product-type.application";
		};
		4B4F586C1A559A5B0034221F /* tipsTests */ = {
			isa = PBXNativeTarget;
			buildConfigurationList = 4B4F587A1A559A5B0034221F /* Build configuration list for PBXNativeTarget "tipsTests" */;
			buildPhases = (
				4B4F58691A559A5B0034221F /* Sources */,
				4B4F586A1A559A5B0034221F /* Frameworks */,
				4B4F586B1A559A5B0034221F /* Resources */,
			);
			buildRules = (
			);
			dependencies = (
				4B4F586F1A559A5B0034221F /* PBXTargetDependency */,
			);
			name = tipsTests;
			productName = tipsTests;
			productReference = 4B4F586D1A559A5B0034221F /* tipsTests.xctest */;
			productType = "com.apple.product-type.bundle.unit-test";
		};
/* End PBXNativeTarget section */

/* Begin PBXProject section */
		4B4F58501A559A5B0034221F /* Project object */ = {
			isa = PBXProject;
			attributes = {
				LastUpgradeCheck = 0610;
				ORGANIZATIONNAME = "Wan-Ting Huang";
				TargetAttributes = {
					4B4F58571A559A5B0034221F = {
						CreatedOnToolsVersion = 6.1.1;
					};
					4B4F586C1A559A5B0034221F = {
						CreatedOnToolsVersion = 6.1.1;
						TestTargetID = 4B4F58571A559A5B0034221F;
					};
				};
			};
			buildConfigurationList = 4B4F58531A559A5B0034221F /* Build configuration list for PBXProject "tips" */;
			compatibilityVersion = "Xcode 3.2";
			developmentRegion = English;
			hasScannedForEncodings = 0;
			knownRegions = (
				en,
				Base,
			);
			mainGroup = 4B4F584F1A559A5B0034221F;
			productRefGroup = 4B4F58591A559A5B0034221F /* Products */;
			projectDirPath = "";
			projectRoot = "";
			targets = (
				4B4F58571A559A5B0034221F /* tips */,
				4B4F586C1A559A5B0034221F /* tipsTests */,
			);
		};
/* End PBXProject section */

/* Begin PBXResourcesBuildPhase section */
		4B4F58561A559A5B0034221F /* Resources */ = {
			isa = PBXResourcesBuildPhase;
			buildActionMask = 2147483647;
			files = (
				4B4F58631A559A5B0034221F /* Main.storyboard in Resources */,
				4B4F58681A559A5B0034221F /* LaunchScreen.xib in Resources */,
				4B4F58651A559A5B0034221F /* Images.xcassets in Resources */,
			);
			runOnlyForDeploymentPostprocessing = 0;
		};
		4B4F586B1A559A5B0034221F /* Resources */ = {
			isa = PBXResourcesBuildPhase;
			buildActionMask = 2147483647;
			files = (
			);
			runOnlyForDeploymentPostprocessing = 0;
		};
/* End PBXResourcesBuildPhase section */

/* Begin PBXSourcesBuildPhase section */
		4B4F58541A559A5B0034221F /* Sources */ = {
			isa = PBXSourcesBuildPhase;
			buildActionMask = 2147483647;
			files = (
				4B4F58601A559A5B0034221F /* ViewController.swift in Sources */,
				4B4F585E1A559A5B0034221F /* AppDelegate.swift in Sources */,
			);
			runOnlyForDeploymentPostprocessing = 0;
		};
		4B4F58691A559A5B0034221F /* Sources */ = {
			isa = PBXSourcesBuildPhase;
			buildActionMask = 2147483647;
			files = (
				4B4F58741A559A5B0034221F /* tipsTests.swift in Sources */,
			);
			runOnlyForDeploymentPostprocessing = 0;
		};
/* End PBXSourcesBuildPhase section */

/* Begin PBXTargetDependency section */
		4B4F586F1A559A5B0034221F /* PBXTargetDependency */ = {
			isa = PBXTargetDependency;
			target = 4B4F58571A559A5B0034221F /* tips */;
			targetProxy = 4B4F586E1A559A5B0034221F /* PBXContainerItemProxy */;
		};
/* End PBXTargetDependency section */

/* Begin PBXVariantGroup section */
		4B4F58611A559A5B0034221F /* Main.storyboard */ = {
			isa = PBXVariantGroup;
			children = (
				4B4F58621A559A5B0034221F /* Base */,
			);
			name = Main.storyboard;
			sourceTree = "<group>";
		};
		4B4F58661A559A5B0034221F /* LaunchScreen.xib */ = {
			isa = PBXVariantGroup;
			children = (
				4B4F58671A559A5B0034221F /* Base */,
			);
			name = LaunchScreen.xib;
			sourceTree = "<group>";
		};
/* End PBXVariantGroup section */

/* Begin XCBuildConfiguration section */
		4B4F58751A559A5B0034221F /* Debug */ = {
			isa = XCBuildConfiguration;
			buildSettings = {
				ALWAYS_SEARCH_USER_PATHS = NO;
				CLANG_CXX_LANGUAGE_STANDARD = "gnu++0x";
				CLANG_CXX_LIBRARY = "libc++";
				CLANG_ENABLE_MODULES = YES;
				CLANG_ENABLE_OBJC_ARC = YES;
				CLANG_WARN_BOOL_CONVERSION = YES;
				CLANG_WARN_CONSTANT_CONVERSION = YES;
				CLANG_WARN_DIRECT_OBJC_ISA_USAGE = YES_ERROR;
				CLANG_WARN_EMPTY_BODY = YES;
				CLANG_WARN_ENUM_CONVERSION = YES;
				CLANG_WARN_INT_CONVERSION = YES;
				CLANG_WARN_OBJC_ROOT_CLASS = YES_ERROR;
				CLANG_WARN_UNREACHABLE_CODE = YES;
				CLANG_WARN__DUPLICATE_METHOD_MATCH = YES;
				"CODE_SIGN_IDENTITY[sdk=iphoneos*]" = "iPhone Developer";
				COPY_PHASE_STRIP = NO;
				ENABLE_STRICT_OBJC_MSGSEND = YES;
				GCC_C_LANGUAGE_STANDARD = gnu99;
				GCC_DYNAMIC_NO_PIC = NO;
				GCC_OPTIMIZATION_LEVEL = 0;
				GCC_PREPROCESSOR_DEFINITIONS = (
					"DEBUG=1",
					"$(inherited)",
				);
				GCC_SYMBOLS_PRIVATE_EXTERN = NO;
				GCC_WARN_64_TO_32_BIT_CONVERSION = YES;
				GCC_WARN_ABOUT_RETURN_TYPE = YES_ERROR;
				GCC_WARN_UNDECLARED_SELECTOR = YES;
				GCC_WARN_UNINITIALIZED_AUTOS = YES_AGGRESSIVE;
				GCC_WARN_UNUSED_FUNCTION = YES;
				GCC_WARN_UNUSED_VARIABLE = YES;
				IPHONEOS_DEPLOYMENT_TARGET = 8.1;
				MTL_ENABLE_DEBUG_INFO = YES;
				ONLY_ACTIVE_ARCH = YES;
				SDKROOT = iphoneos;
				SWIFT_OPTIMIZATION_LEVEL = "-Onone";
			};
			name = Debug;
		};
		4B4F58761A559A5B0034221F /* Release */ = {
			isa = XCBuildConfiguration;
			buildSettings = {
				ALWAYS_SEARCH_USER_PATHS = NO;
				CLANG_CXX_LANGUAGE_STANDARD = "gnu++0x";
				CLANG_CXX_LIBRARY = "libc++";
				CLANG_ENABLE_MODULES = YES;
				CLANG_ENABLE_OBJC_ARC = YES;
				CLANG_WARN_BOOL_CONVERSION = YES;
				CLANG_WARN_CONSTANT_CONVERSION = YES;
				CLANG_WARN_DIRECT_OBJC_ISA_USAGE = YES_ERROR;
				CLANG_WARN_EMPTY_BODY = YES;
				CLANG_WARN_ENUM_CONVERSION = YES;
				CLANG_WARN_INT_CONVERSION = YES;
				CLANG_WARN_OBJC_ROOT_CLASS = YES_ERROR;
				CLANG_WARN_UNREACHABLE_CODE = YES;
				CLANG_WARN__DUPLICATE_METHOD_MATCH = YES;
				"CODE_SIGN_IDENTITY[sdk=iphoneos*]" = "iPhone Developer";
				COPY_PHASE_STRIP = YES;
				ENABLE_NS_ASSERTIONS = NO;
				ENABLE_STRICT_OBJC_MSGSEND = YES;
				GCC_C_LANGUAGE_STANDARD = gnu99;
				GCC_WARN_64_TO_32_BIT_CONVERSION = YES;
				GCC_WARN_ABOUT_RETURN_TYPE = YES_ERROR;
				GCC_WARN_UNDECLARED_SELECTOR = YES;
				GCC_WARN_UNINITIALIZED_AUTOS = YES_AGGRESSIVE;
				GCC_WARN_UNUSED_FUNCTION = YES;
				GCC_WARN_UNUSED_VARIABLE = YES;
				IPHONEOS_DEPLOYMENT_TARGET = 8.1;
				MTL_ENABLE_DEBUG_INFO = NO;
				SDKROOT = iphoneos;
				VALIDATE_PRODUCT = YES;
			};
			name = Release;
		};
		4B4F58781A559A5B0034221F /* Debug */ = {
			isa = XCBuildConfiguration;
			buildSettings = {
				ASSETCATALOG_COMPILER_APPICON_NAME = AppIcon;
				INFOPLIST_FILE = tips/Info.plist;
				LD_RUNPATH_SEARCH_PATHS = "$(inherited) @executable_path/Frameworks";
				PRODUCT_NAME = "$(TARGET_NAME)";
			};
			name = Debug;
		};
		4B4F58791A559A5B0034221F /* Release */ = {
			isa = XCBuildConfiguration;
			buildSettings = {
				ASSETCATALOG_COMPILER_APPICON_NAME = AppIcon;
				INFOPLIST_FILE = tips/Info.plist;
				LD_RUNPATH_SEARCH_PATHS = "$(inherited) @executable_path/Frameworks";
				PRODUCT_NAME = "$(TARGET_NAME)";
			};
			name = Release;
		};
		4B4F587B1A559A5B0034221F /* Debug */ = {
			isa = XCBuildConfiguration;
			buildSettings = {
				BUNDLE_LOADER = "$(TEST_HOST)";
				FRAMEWORK_SEARCH_PATHS = (
					"$(SDKROOT)/Developer/Library/Frameworks",
					"$(inherited)",
				);
				GCC_PREPROCESSOR_DEFINITIONS = (
					"DEBUG=1",
					"$(inherited)",
				);
				INFOPLIST_FILE = tipsTests/Info.plist;
				LD_RUNPATH_SEARCH_PATHS = "$(inherited) @executable_path/Frameworks @loader_path/Frameworks";
				PRODUCT_NAME = "$(TARGET_NAME)";
				TEST_HOST = "$(BUILT_PRODUCTS_DIR)/tips.app/tips";
			};
			name = Debug;
		};
		4B4F587C1A559A5B0034221F /* Release */ = {
			isa = XCBuildConfiguration;
			buildSettings = {
				BUNDLE_LOADER = "$(TEST_HOST)";
				FRAMEWORK_SEARCH_PATHS = (
					"$(SDKROOT)/Developer/Library/Frameworks",
					"$(inherited)",
				);
				INFOPLIST_FILE = tipsTests/Info.plist;
				LD_RUNPATH_SEARCH_PATHS = "$(inherited) @executable_path/Frameworks @loader_path/Frameworks";
				PRODUCT_NAME = "$(TARGET_NAME)";
				TEST_HOST = "$(BUILT_PRODUCTS_DIR)/tips.app/tips";
			};
			name = Release;
		};
/* End XCBuildConfiguration section */

/* Begin XCConfigurationList section */
		4B4F58531A559A5B0034221F /* Build configuration list for PBXProject "tips" */ = {
			isa = XCConfigurationList;
			buildConfigurations = (
				4B4F58751A559A5B0034221F /* Debug */,
				4B4F58761A559A5B0034221F /* Release */,
			);
			defaultConfigurationIsVisible = 0;
			defaultConfigurationName = Release;
		};
		4B4F58771A559A5B0034221F /* Build configuration list for PBXNativeTarget "tips" */ = {
			isa = XCConfigurationList;
			buildConfigurations = (
				4B4F58781A559A5B0034221F /* Debug */,
				4B4F58791A559A5B0034221F /* Release */,
			);
			defaultConfigurationIsVisible = 0;
		};
		4B4F587A1A559A5B0034221F /* Build configuration list for PBXNativeTarget "tipsTests" */ = {
			isa = XCConfigurationList;
			buildConfigurations = (
				4B4F587B1A559A5B0034221F /* Debug */,
				4B4F587C1A559A5B0034221F /* Release */,
			);
			defaultConfigurationIsVisible = 0;
		};
/* End XCConfigurationList section */
	};
	rootObject = 4B4F58501A559A5B0034221F /* Project object */;
}
